
Microsoft Visual Studio Solution File, Format Version 12.00
# Visual Studio Version 17
VisualStudioVersion = 17.9.34728.123
MinimumVisualStudioVersion = 10.0.40219.1
Project("{FAE04EC0-301F-11D3-BF4B-00C04F79EFBC}") = "JaratKezeloProjekt", "JaratKezeloProjekt\JaratKezeloProjekt.csproj", "{3BFD5420-20A9-43D6-B943-212502A6ABCF}"
EndProject
Project("{FAE04EC0-301F-11D3-BF4B-00C04F79EFBC}") = "TestJaratKezeloProjekt", "TestJaratKezeloProjekt\TestJaratKezeloProjekt.csproj", "{00A73608-06BA-4106-BDA7-F60B189ACE37}"
EndProject
Global
	GlobalSection(SolutionConfigurationPlatforms) = preSolution
		Debug|Any CPU = Debug|Any CPU
		Release|Any CPU = Release|Any CPU
	EndGlobalSection
	GlobalSection(ProjectConfigurationPlatforms) = postSolution
		{3BFD5420-20A9-43D6-B943-212502A6ABCF}.Debug|Any CPU.ActiveCfg = Debug|Any CPU
		{3BFD5420-20A9-43D6-B943-212502A6ABCF}.Debug|Any CPU.Build.0 = Debug|Any CPU
		{3BFD5420-20A9-43D6-B943-212502A6ABCF}.Release|Any CPU.ActiveCfg = Release|Any CPU
		{3BFD5420-20A9-43D6-B943-212502A6ABCF}.Release|Any CPU.Build.0 = Release|Any CPU
		{00A73608-06BA-4106-BDA7-F60B189ACE37}.Debug|Any CPU.ActiveCfg = Debug|Any CPU
		{00A73608-06BA-4106-BDA7-F60B189ACE37}.Debug|Any CPU.Build.0 = Debug|Any CPU
		{00A73608-06BA-4106-BDA7-F60B189ACE37}.Release|Any CPU.ActiveCfg = Release|Any CPU
		{00A73608-06BA-4106-BDA7-F60B189ACE37}.Release|Any CPU.Build.0 = Release|Any CPU
	EndGlobalSection
	GlobalSection(SolutionProperties) = preSolution
		HideSolutionNode = FALSE
	EndGlobalSection
	GlobalSection(ExtensibilityGlobals) = postSolution
		SolutionGuid = {538ACB53-951D-48A4-B0B9-73C9E97F3826}
	EndGlobalSection
EndGlobal
